// !$*UTF8*$!
{
	archiveVersion = 1;
	classes = {
	};
	objectVersion = 46;
	objects = {

/* Begin PBXBuildFile section */
		18396A2DB7D46910BC5142F3 /* Pods_Yelp.framework in Frameworks */ = {isa = PBXBuildFile; fileRef = AEFF4BFD231825B976638731 /* Pods_Yelp.framework */; };
		CB02EC541DB7418500EE8D80 /* YelpClient.swift in Sources */ = {isa = PBXBuildFile; fileRef = CB02EC531DB7418500EE8D80 /* YelpClient.swift */; };
		CB048D431DBDAD5000B48EF2 /* pinDetails.swift in Sources */ = {isa = PBXBuildFile; fileRef = CB048D411DBDAD5000B48EF2 /* pinDetails.swift */; };
		CB048D461DBDAD8E00B48EF2 /* pinDetails.xib in Resources */ = {isa = PBXBuildFile; fileRef = CB048D451DBDAD8E00B48EF2 /* pinDetails.xib */; };
		CB048D4E1DBDCA7D00B48EF2 /* posterDetailsCell.swift in Sources */ = {isa = PBXBuildFile; fileRef = CB048D4C1DBDCA7D00B48EF2 /* posterDetailsCell.swift */; };
		CB048D4F1DBDCA7D00B48EF2 /* posterDetailsCell.xib in Resources */ = {isa = PBXBuildFile; fileRef = CB048D4D1DBDCA7D00B48EF2 /* posterDetailsCell.xib */; };
		CB048D531DBDD0A600B48EF2 /* ReviewCell.swift in Sources */ = {isa = PBXBuildFile; fileRef = CB048D511DBDD0A600B48EF2 /* ReviewCell.swift */; };
		CB048D541DBDD0A600B48EF2 /* ReviewCell.xib in Resources */ = {isa = PBXBuildFile; fileRef = CB048D521DBDD0A600B48EF2 /* ReviewCell.xib */; };
		CB048D571DBDD1E400B48EF2 /* photoCkInBkMrkCell.swift in Sources */ = {isa = PBXBuildFile; fileRef = CB048D551DBDD1E400B48EF2 /* photoCkInBkMrkCell.swift */; };
		CB048D581DBDD1E400B48EF2 /* photoCkInBkMrkCell.xib in Resources */ = {isa = PBXBuildFile; fileRef = CB048D561DBDD1E400B48EF2 /* photoCkInBkMrkCell.xib */; };
		CB048D5B1DBDD23C00B48EF2 /* mapCell.swift in Sources */ = {isa = PBXBuildFile; fileRef = CB048D591DBDD23C00B48EF2 /* mapCell.swift */; };
		CB048D5C1DBDD23C00B48EF2 /* mapCell.xib in Resources */ = {isa = PBXBuildFile; fileRef = CB048D5A1DBDD23C00B48EF2 /* mapCell.xib */; };
		CB048D5F1DBDD27500B48EF2 /* plainDtCell.swift in Sources */ = {isa = PBXBuildFile; fileRef = CB048D5D1DBDD27500B48EF2 /* plainDtCell.swift */; };
		CB048D601DBDD27500B48EF2 /* plainDtCell.xib in Resources */ = {isa = PBXBuildFile; fileRef = CB048D5E1DBDD27500B48EF2 /* plainDtCell.xib */; };
		CB51B1F71DB6E843003FC6C0 /* AppDelegate.swift in Sources */ = {isa = PBXBuildFile; fileRef = CB51B1F61DB6E843003FC6C0 /* AppDelegate.swift */; };
		CB51B1FC1DB6E843003FC6C0 /* Main.storyboard in Resources */ = {isa = PBXBuildFile; fileRef = CB51B1FA1DB6E843003FC6C0 /* Main.storyboard */; };
		CB51B1FE1DB6E843003FC6C0 /* Assets.xcassets in Resources */ = {isa = PBXBuildFile; fileRef = CB51B1FD1DB6E843003FC6C0 /* Assets.xcassets */; };
		CB51B2011DB6E843003FC6C0 /* LaunchScreen.storyboard in Resources */ = {isa = PBXBuildFile; fileRef = CB51B1FF1DB6E843003FC6C0 /* LaunchScreen.storyboard */; };
		CB62EB751DBD07A1006AA2FD /* SortByCell.swift in Sources */ = {isa = PBXBuildFile; fileRef = CB62EB731DBD07A1006AA2FD /* SortByCell.swift */; };
		CB62EB761DBD07A1006AA2FD /* SortByCell.xib in Resources */ = {isa = PBXBuildFile; fileRef = CB62EB741DBD07A1006AA2FD /* SortByCell.xib */; };
		CB62EB791DBD1E5C006AA2FD /* SelectedDropdownCell.swift in Sources */ = {isa = PBXBuildFile; fileRef = CB62EB771DBD1E5C006AA2FD /* SelectedDropdownCell.swift */; };
		CB62EB7A1DBD1E5C006AA2FD /* SelectedDropdownCell.xib in Resources */ = {isa = PBXBuildFile; fileRef = CB62EB781DBD1E5C006AA2FD /* SelectedDropdownCell.xib */; };
		CB62EB7D1DBD2405006AA2FD /* SeeAllCell.swift in Sources */ = {isa = PBXBuildFile; fileRef = CB62EB7B1DBD2405006AA2FD /* SeeAllCell.swift */; };
		CB62EB7E1DBD2405006AA2FD /* SeeAllCell.xib in Resources */ = {isa = PBXBuildFile; fileRef = CB62EB7C1DBD2405006AA2FD /* SeeAllCell.xib */; };
		CB62EB801DBD4999006AA2FD /* ResultsLoadingIndicatorView.swift in Sources */ = {isa = PBXBuildFile; fileRef = CB62EB7F1DBD4999006AA2FD /* ResultsLoadingIndicatorView.swift */; };
		CB62EB821DBD7F34006AA2FD /* MapsViewController.swift in Sources */ = {isa = PBXBuildFile; fileRef = CB62EB811DBD7F34006AA2FD /* MapsViewController.swift */; };
		CB62EB841DBD8A66006AA2FD /* InfiniteScrollActivityView.swift in Sources */ = {isa = PBXBuildFile; fileRef = CB62EB831DBD8A66006AA2FD /* InfiniteScrollActivityView.swift */; };
		CB8AB0641DB73B7E000EBF16 /* Business.swift in Sources */ = {isa = PBXBuildFile; fileRef = CB8AB0631DB73B7E000EBF16 /* Business.swift */; };
		CBB8EC031DB97B1000A35392 /* ResultsCell.swift in Sources */ = {isa = PBXBuildFile; fileRef = CBB8EC021DB97B1000A35392 /* ResultsCell.swift */; };
		CBB8EC051DB97C8D00A35392 /* SearchResultsViewController.swift in Sources */ = {isa = PBXBuildFile; fileRef = CBB8EC041DB97C8D00A35392 /* SearchResultsViewController.swift */; };
		CBB8EC0A1DB9804E00A35392 /* FiltersViewController.swift in Sources */ = {isa = PBXBuildFile; fileRef = CBB8EC091DB9804E00A35392 /* FiltersViewController.swift */; };
		CBB8EC0D1DB9835700A35392 /* DetailsViewController.swift in Sources */ = {isa = PBXBuildFile; fileRef = CBB8EC0C1DB9835700A35392 /* DetailsViewController.swift */; };
		CBB8EC131DBAA01E00A35392 /* YelpBrain.swift in Sources */ = {isa = PBXBuildFile; fileRef = CBB8EC121DBAA01E00A35392 /* YelpBrain.swift */; };
		CBB8EC1A1DBC510600A35392 /* CategoryCell.swift in Sources */ = {isa = PBXBuildFile; fileRef = CBB8EC181DBC510600A35392 /* CategoryCell.swift */; };
		CBB8EC1B1DBC510600A35392 /* CategoryCell.xib in Resources */ = {isa = PBXBuildFile; fileRef = CBB8EC191DBC510600A35392 /* CategoryCell.xib */; };
		CBB8EC201DBC556600A35392 /* DealCell.swift in Sources */ = {isa = PBXBuildFile; fileRef = CBB8EC1E1DBC556600A35392 /* DealCell.swift */; };
		CBB8EC211DBC556600A35392 /* DealCell.xib in Resources */ = {isa = PBXBuildFile; fileRef = CBB8EC1F1DBC556600A35392 /* DealCell.xib */; };
		CBB8EC241DBC625100A35392 /* DistanceCell.swift in Sources */ = {isa = PBXBuildFile; fileRef = CBB8EC221DBC625100A35392 /* DistanceCell.swift */; };
		CBB8EC251DBC625100A35392 /* DistanceCell.xib in Resources */ = {isa = PBXBuildFile; fileRef = CBB8EC231DBC625100A35392 /* DistanceCell.xib */; };
		CBB8EC271DBC65B800A35392 /* CellDescriptor.plist in Resources */ = {isa = PBXBuildFile; fileRef = CBB8EC261DBC65B800A35392 /* CellDescriptor.plist */; };
/* End PBXBuildFile section */

/* Begin PBXFileReference section */
		61AAC1A149121B1C5CBEEADA /* Pods-Yelp.debug.xcconfig */ = {isa = PBXFileReference; includeInIndex = 1; lastKnownFileType = text.xcconfig; name = "Pods-Yelp.debug.xcconfig"; path = "Pods/Target Support Files/Pods-Yelp/Pods-Yelp.debug.xcconfig"; sourceTree = "<group>"; };
		AEFF4BFD231825B976638731 /* Pods_Yelp.framework */ = {isa = PBXFileReference; explicitFileType = wrapper.framework; includeInIndex = 0; path = Pods_Yelp.framework; sourceTree = BUILT_PRODUCTS_DIR; };
		CB02EC531DB7418500EE8D80 /* YelpClient.swift */ = {isa = PBXFileReference; fileEncoding = 4; lastKnownFileType = sourcecode.swift; path = YelpClient.swift; sourceTree = "<group>"; };
		CB048D411DBDAD5000B48EF2 /* pinDetails.swift */ = {isa = PBXFileReference; fileEncoding = 4; lastKnownFileType = sourcecode.swift; path = pinDetails.swift; sourceTree = "<group>"; };
		CB048D451DBDAD8E00B48EF2 /* pinDetails.xib */ = {isa = PBXFileReference; fileEncoding = 4; lastKnownFileType = file.xib; path = pinDetails.xib; sourceTree = "<group>"; };
		CB048D4C1DBDCA7D00B48EF2 /* posterDetailsCell.swift */ = {isa = PBXFileReference; fileEncoding = 4; lastKnownFileType = sourcecode.swift; path = posterDetailsCell.swift; sourceTree = "<group>"; };
		CB048D4D1DBDCA7D00B48EF2 /* posterDetailsCell.xib */ = {isa = PBXFileReference; fileEncoding = 4; lastKnownFileType = file.xib; path = posterDetailsCell.xib; sourceTree = "<group>"; };
		CB048D511DBDD0A600B48EF2 /* ReviewCell.swift */ = {isa = PBXFileReference; fileEncoding = 4; lastKnownFileType = sourcecode.swift; path = ReviewCell.swift; sourceTree = "<group>"; };
		CB048D521DBDD0A600B48EF2 /* ReviewCell.xib */ = {isa = PBXFileReference; fileEncoding = 4; lastKnownFileType = file.xib; path = ReviewCell.xib; sourceTree = "<group>"; };
		CB048D551DBDD1E400B48EF2 /* photoCkInBkMrkCell.swift */ = {isa = PBXFileReference; fileEncoding = 4; lastKnownFileType = sourcecode.swift; path = photoCkInBkMrkCell.swift; sourceTree = "<group>"; };
		CB048D561DBDD1E400B48EF2 /* photoCkInBkMrkCell.xib */ = {isa = PBXFileReference; fileEncoding = 4; lastKnownFileType = file.xib; path = photoCkInBkMrkCell.xib; sourceTree = "<group>"; };
		CB048D591DBDD23C00B48EF2 /* mapCell.swift */ = {isa = PBXFileReference; fileEncoding = 4; lastKnownFileType = sourcecode.swift; path = mapCell.swift; sourceTree = "<group>"; };
		CB048D5A1DBDD23C00B48EF2 /* mapCell.xib */ = {isa = PBXFileReference; fileEncoding = 4; lastKnownFileType = file.xib; path = mapCell.xib; sourceTree = "<group>"; };
		CB048D5D1DBDD27500B48EF2 /* plainDtCell.swift */ = {isa = PBXFileReference; fileEncoding = 4; lastKnownFileType = sourcecode.swift; path = plainDtCell.swift; sourceTree = "<group>"; };
		CB048D5E1DBDD27500B48EF2 /* plainDtCell.xib */ = {isa = PBXFileReference; fileEncoding = 4; lastKnownFileType = file.xib; path = plainDtCell.xib; sourceTree = "<group>"; };
		CB51B1F31DB6E843003FC6C0 /* Yelp.app */ = {isa = PBXFileReference; explicitFileType = wrapper.application; includeInIndex = 0; path = Yelp.app; sourceTree = BUILT_PRODUCTS_DIR; };
		CB51B1F61DB6E843003FC6C0 /* AppDelegate.swift */ = {isa = PBXFileReference; lastKnownFileType = sourcecode.swift; path = AppDelegate.swift; sourceTree = "<group>"; };
		CB51B1FB1DB6E843003FC6C0 /* Base */ = {isa = PBXFileReference; lastKnownFileType = file.storyboard; name = Base; path = Base.lproj/Main.storyboard; sourceTree = "<group>"; };
		CB51B1FD1DB6E843003FC6C0 /* Assets.xcassets */ = {isa = PBXFileReference; lastKnownFileType = folder.assetcatalog; path = Assets.xcassets; sourceTree = "<group>"; };
		CB51B2001DB6E843003FC6C0 /* Base */ = {isa = PBXFileReference; lastKnownFileType = file.storyboard; name = Base; path = Base.lproj/LaunchScreen.storyboard; sourceTree = "<group>"; };
		CB51B2021DB6E843003FC6C0 /* Info.plist */ = {isa = PBXFileReference; lastKnownFileType = text.plist.xml; path = Info.plist; sourceTree = "<group>"; };
		CB62EB731DBD07A1006AA2FD /* SortByCell.swift */ = {isa = PBXFileReference; fileEncoding = 4; lastKnownFileType = sourcecode.swift; path = SortByCell.swift; sourceTree = "<group>"; };
		CB62EB741DBD07A1006AA2FD /* SortByCell.xib */ = {isa = PBXFileReference; fileEncoding = 4; lastKnownFileType = file.xib; path = SortByCell.xib; sourceTree = "<group>"; };
		CB62EB771DBD1E5C006AA2FD /* SelectedDropdownCell.swift */ = {isa = PBXFileReference; fileEncoding = 4; lastKnownFileType = sourcecode.swift; path = SelectedDropdownCell.swift; sourceTree = "<group>"; };
		CB62EB781DBD1E5C006AA2FD /* SelectedDropdownCell.xib */ = {isa = PBXFileReference; fileEncoding = 4; lastKnownFileType = file.xib; path = SelectedDropdownCell.xib; sourceTree = "<group>"; };
		CB62EB7B1DBD2405006AA2FD /* SeeAllCell.swift */ = {isa = PBXFileReference; fileEncoding = 4; lastKnownFileType = sourcecode.swift; path = SeeAllCell.swift; sourceTree = "<group>"; };
		CB62EB7C1DBD2405006AA2FD /* SeeAllCell.xib */ = {isa = PBXFileReference; fileEncoding = 4; lastKnownFileType = file.xib; path = SeeAllCell.xib; sourceTree = "<group>"; };
		CB62EB7F1DBD4999006AA2FD /* ResultsLoadingIndicatorView.swift */ = {isa = PBXFileReference; fileEncoding = 4; lastKnownFileType = sourcecode.swift; path = ResultsLoadingIndicatorView.swift; sourceTree = "<group>"; };
		CB62EB811DBD7F34006AA2FD /* MapsViewController.swift */ = {isa = PBXFileReference; fileEncoding = 4; lastKnownFileType = sourcecode.swift; path = MapsViewController.swift; sourceTree = "<group>"; };
		CB62EB831DBD8A66006AA2FD /* InfiniteScrollActivityView.swift */ = {isa = PBXFileReference; fileEncoding = 4; lastKnownFileType = sourcecode.swift; path = InfiniteScrollActivityView.swift; sourceTree = "<group>"; };
		CB8AB0631DB73B7E000EBF16 /* Business.swift */ = {isa = PBXFileReference; fileEncoding = 4; lastKnownFileType = sourcecode.swift; path = Business.swift; sourceTree = "<group>"; };
		CBB8EC021DB97B1000A35392 /* ResultsCell.swift */ = {isa = PBXFileReference; fileEncoding = 4; lastKnownFileType = sourcecode.swift; path = ResultsCell.swift; sourceTree = "<group>"; };
		CBB8EC041DB97C8D00A35392 /* SearchResultsViewController.swift */ = {isa = PBXFileReference; fileEncoding = 4; lastKnownFileType = sourcecode.swift; path = SearchResultsViewController.swift; sourceTree = "<group>"; };
		CBB8EC091DB9804E00A35392 /* FiltersViewController.swift */ = {isa = PBXFileReference; fileEncoding = 4; lastKnownFileType = sourcecode.swift; path = FiltersViewController.swift; sourceTree = "<group>"; };
		CBB8EC0C1DB9835700A35392 /* DetailsViewController.swift */ = {isa = PBXFileReference; fileEncoding = 4; lastKnownFileType = sourcecode.swift; path = DetailsViewController.swift; sourceTree = "<group>"; };
		CBB8EC121DBAA01E00A35392 /* YelpBrain.swift */ = {isa = PBXFileReference; fileEncoding = 4; lastKnownFileType = sourcecode.swift; path = YelpBrain.swift; sourceTree = "<group>"; };
		CBB8EC181DBC510600A35392 /* CategoryCell.swift */ = {isa = PBXFileReference; fileEncoding = 4; lastKnownFileType = sourcecode.swift; path = CategoryCell.swift; sourceTree = "<group>"; };
		CBB8EC191DBC510600A35392 /* CategoryCell.xib */ = {isa = PBXFileReference; fileEncoding = 4; lastKnownFileType = file.xib; path = CategoryCell.xib; sourceTree = "<group>"; };
		CBB8EC1E1DBC556600A35392 /* DealCell.swift */ = {isa = PBXFileReference; fileEncoding = 4; lastKnownFileType = sourcecode.swift; path = DealCell.swift; sourceTree = "<group>"; };
		CBB8EC1F1DBC556600A35392 /* DealCell.xib */ = {isa = PBXFileReference; fileEncoding = 4; lastKnownFileType = file.xib; path = DealCell.xib; sourceTree = "<group>"; };
		CBB8EC221DBC625100A35392 /* DistanceCell.swift */ = {isa = PBXFileReference; fileEncoding = 4; lastKnownFileType = sourcecode.swift; path = DistanceCell.swift; sourceTree = "<group>"; };
		CBB8EC231DBC625100A35392 /* DistanceCell.xib */ = {isa = PBXFileReference; fileEncoding = 4; lastKnownFileType = file.xib; path = DistanceCell.xib; sourceTree = "<group>"; };
		CBB8EC261DBC65B800A35392 /* CellDescriptor.plist */ = {isa = PBXFileReference; fileEncoding = 4; lastKnownFileType = text.plist.xml; path = CellDescriptor.plist; sourceTree = "<group>"; };
		F808958D94259B2E415B757A /* Pods-Yelp.release.xcconfig */ = {isa = PBXFileReference; includeInIndex = 1; lastKnownFileType = text.xcconfig; name = "Pods-Yelp.release.xcconfig"; path = "Pods/Target Support Files/Pods-Yelp/Pods-Yelp.release.xcconfig"; sourceTree = "<group>"; };
/* End PBXFileReference section */

/* Begin PBXFrameworksBuildPhase section */
		CB51B1F01DB6E843003FC6C0 /* Frameworks */ = {
			isa = PBXFrameworksBuildPhase;
			buildActionMask = 2147483647;
			files = (
				18396A2DB7D46910BC5142F3 /* Pods_Yelp.framework in Frameworks */,
			);
			runOnlyForDeploymentPostprocessing = 0;
		};
/* End PBXFrameworksBuildPhase section */

/* Begin PBXGroup section */
		91010540E20AEA95CF9E0AC9 /* Pods */ = {
			isa = PBXGroup;
			children = (
				61AAC1A149121B1C5CBEEADA /* Pods-Yelp.debug.xcconfig */,
				F808958D94259B2E415B757A /* Pods-Yelp.release.xcconfig */,
			);
			name = Pods;
			sourceTree = "<group>";
		};
		CB02EC551DB7428E00EE8D80 /* View Controllers */ = {
			isa = PBXGroup;
			children = (
				CBB8EC041DB97C8D00A35392 /* SearchResultsViewController.swift */,
				CBB8EC091DB9804E00A35392 /* FiltersViewController.swift */,
				CBB8EC0C1DB9835700A35392 /* DetailsViewController.swift */,
				CB62EB811DBD7F34006AA2FD /* MapsViewController.swift */,
			);
			name = "View Controllers";
			sourceTree = "<group>";
		};
		CB048D4B1DBDCA4E00B48EF2 /* Details View */ = {
			isa = PBXGroup;
			children = (
				CB048D4C1DBDCA7D00B48EF2 /* posterDetailsCell.swift */,
				CB048D4D1DBDCA7D00B48EF2 /* posterDetailsCell.xib */,
				CB048D511DBDD0A600B48EF2 /* ReviewCell.swift */,
				CB048D521DBDD0A600B48EF2 /* ReviewCell.xib */,
				CB048D551DBDD1E400B48EF2 /* photoCkInBkMrkCell.swift */,
				CB048D561DBDD1E400B48EF2 /* photoCkInBkMrkCell.xib */,
				CB048D591DBDD23C00B48EF2 /* mapCell.swift */,
				CB048D5A1DBDD23C00B48EF2 /* mapCell.xib */,
				CB048D5D1DBDD27500B48EF2 /* plainDtCell.swift */,
				CB048D5E1DBDD27500B48EF2 /* plainDtCell.xib */,
			);
			name = "Details View";
			sourceTree = "<group>";
		};
		CB51B1EA1DB6E843003FC6C0 = {
			isa = PBXGroup;
			children = (
				CB51B1F51DB6E843003FC6C0 /* Yelp */,
				CB51B1F41DB6E843003FC6C0 /* Products */,
				91010540E20AEA95CF9E0AC9 /* Pods */,
				D7EF759AD058A57CA0463CAB /* Frameworks */,
			);
			sourceTree = "<group>";
		};
		CB51B1F41DB6E843003FC6C0 /* Products */ = {
			isa = PBXGroup;
			children = (
				CB51B1F31DB6E843003FC6C0 /* Yelp.app */,
			);
			name = Products;
			sourceTree = "<group>";
		};
		CB51B1F51DB6E843003FC6C0 /* Yelp */ = {
			isa = PBXGroup;
			children = (
				CB048D4B1DBDCA4E00B48EF2 /* Details View */,
				CBB8EC011DB97ADE00A35392 /* View */,
				CB02EC551DB7428E00EE8D80 /* View Controllers */,
				CB8AB0651DB73C03000EBF16 /* API */,
				CB8AB0621DB73B3B000EBF16 /* Models */,
				CB51B1F61DB6E843003FC6C0 /* AppDelegate.swift */,
				CB51B1FA1DB6E843003FC6C0 /* Main.storyboard */,
				CB51B1FD1DB6E843003FC6C0 /* Assets.xcassets */,
				CB51B1FF1DB6E843003FC6C0 /* LaunchScreen.storyboard */,
				CB51B2021DB6E843003FC6C0 /* Info.plist */,
				CBB8EC261DBC65B800A35392 /* CellDescriptor.plist */,
			);
			path = Yelp;
			sourceTree = "<group>";
		};
		CB8AB0621DB73B3B000EBF16 /* Models */ = {
			isa = PBXGroup;
			children = (
				CB8AB0631DB73B7E000EBF16 /* Business.swift */,
				CBB8EC121DBAA01E00A35392 /* YelpBrain.swift */,
			);
			name = Models;
			sourceTree = "<group>";
		};
		CB8AB0651DB73C03000EBF16 /* API */ = {
			isa = PBXGroup;
			children = (
				CB02EC531DB7418500EE8D80 /* YelpClient.swift */,
			);
			name = API;
			sourceTree = "<group>";
		};
		CBB8EC011DB97ADE00A35392 /* View */ = {
			isa = PBXGroup;
			children = (
				CBB8EC021DB97B1000A35392 /* ResultsCell.swift */,
				CBB8EC181DBC510600A35392 /* CategoryCell.swift */,
				CBB8EC191DBC510600A35392 /* CategoryCell.xib */,
				CBB8EC1E1DBC556600A35392 /* DealCell.swift */,
				CBB8EC1F1DBC556600A35392 /* DealCell.xib */,
				CBB8EC221DBC625100A35392 /* DistanceCell.swift */,
				CBB8EC231DBC625100A35392 /* DistanceCell.xib */,
				CB62EB731DBD07A1006AA2FD /* SortByCell.swift */,
				CB62EB741DBD07A1006AA2FD /* SortByCell.xib */,
				CB62EB771DBD1E5C006AA2FD /* SelectedDropdownCell.swift */,
				CB62EB781DBD1E5C006AA2FD /* SelectedDropdownCell.xib */,
				CB62EB7B1DBD2405006AA2FD /* SeeAllCell.swift */,
				CB62EB7C1DBD2405006AA2FD /* SeeAllCell.xib */,
				CB62EB7F1DBD4999006AA2FD /* ResultsLoadingIndicatorView.swift */,
				CB62EB831DBD8A66006AA2FD /* InfiniteScrollActivityView.swift */,
				CB048D411DBDAD5000B48EF2 /* pinDetails.swift */,
				CB048D451DBDAD8E00B48EF2 /* pinDetails.xib */,
			);
			name = View;
			sourceTree = "<group>";
		};
		D7EF759AD058A57CA0463CAB /* Frameworks */ = {
			isa = PBXGroup;
			children = (
				AEFF4BFD231825B976638731 /* Pods_Yelp.framework */,
			);
			name = Frameworks;
			sourceTree = "<group>";
		};
/* End PBXGroup section */

/* Begin PBXNativeTarget section */
		CB51B1F21DB6E843003FC6C0 /* Yelp */ = {
			isa = PBXNativeTarget;
			buildConfigurationList = CB51B2051DB6E843003FC6C0 /* Build configuration list for PBXNativeTarget "Yelp" */;
			buildPhases = (
				D03C71A162070FAF799A5566 /* [CP] Check Pods Manifest.lock */,
				CB51B1EF1DB6E843003FC6C0 /* Sources */,
				CB51B1F01DB6E843003FC6C0 /* Frameworks */,
				CB51B1F11DB6E843003FC6C0 /* Resources */,
				ADCC5D8AF4539694ADE2D77F /* [CP] Embed Pods Frameworks */,
				397D928CD0F2546D1EECDA74 /* [CP] Copy Pods Resources */,
			);
			buildRules = (
			);
			dependencies = (
			);
			name = Yelp;
			productName = Yelp;
			productReference = CB51B1F31DB6E843003FC6C0 /* Yelp.app */;
			productType = "com.apple.product-type.application";
		};
/* End PBXNativeTarget section */

/* Begin PBXProject section */
		CB51B1EB1DB6E843003FC6C0 /* Project object */ = {
			isa = PBXProject;
			attributes = {
				LastSwiftUpdateCheck = 0800;
				LastUpgradeCheck = 0800;
				ORGANIZATIONNAME = "Deeksha Prabhakar";
				TargetAttributes = {
					CB51B1F21DB6E843003FC6C0 = {
						CreatedOnToolsVersion = 8.0;
						ProvisioningStyle = Automatic;
					};
				};
			};
			buildConfigurationList = CB51B1EE1DB6E843003FC6C0 /* Build configuration list for PBXProject "Yelp" */;
			compatibilityVersion = "Xcode 3.2";
			developmentRegion = English;
			hasScannedForEncodings = 0;
			knownRegions = (
				en,
				Base,
			);
			mainGroup = CB51B1EA1DB6E843003FC6C0;
			productRefGroup = CB51B1F41DB6E843003FC6C0 /* Products */;
			projectDirPath = "";
			projectRoot = "";
			targets = (
				CB51B1F21DB6E843003FC6C0 /* Yelp */,
			);
		};
/* End PBXProject section */

/* Begin PBXResourcesBuildPhase section */
		CB51B1F11DB6E843003FC6C0 /* Resources */ = {
			isa = PBXResourcesBuildPhase;
			buildActionMask = 2147483647;
			files = (
				CBB8EC1B1DBC510600A35392 /* CategoryCell.xib in Resources */,
				CB048D4F1DBDCA7D00B48EF2 /* posterDetailsCell.xib in Resources */,
				CB51B2011DB6E843003FC6C0 /* LaunchScreen.storyboard in Resources */,
				CB62EB761DBD07A1006AA2FD /* SortByCell.xib in Resources */,
				CB51B1FE1DB6E843003FC6C0 /* Assets.xcassets in Resources */,
				CB048D541DBDD0A600B48EF2 /* ReviewCell.xib in Resources */,
				CB51B1FC1DB6E843003FC6C0 /* Main.storyboard in Resources */,
				CB048D461DBDAD8E00B48EF2 /* pinDetails.xib in Resources */,
				CB62EB7E1DBD2405006AA2FD /* SeeAllCell.xib in Resources */,
				CB048D5C1DBDD23C00B48EF2 /* mapCell.xib in Resources */,
				CB62EB7A1DBD1E5C006AA2FD /* SelectedDropdownCell.xib in Resources */,
				CBB8EC271DBC65B800A35392 /* CellDescriptor.plist in Resources */,
				CB048D601DBDD27500B48EF2 /* plainDtCell.xib in Resources */,
				CB048D581DBDD1E400B48EF2 /* photoCkInBkMrkCell.xib in Resources */,
				CBB8EC251DBC625100A35392 /* DistanceCell.xib in Resources */,
				CBB8EC211DBC556600A35392 /* DealCell.xib in Resources */,
			);
			runOnlyForDeploymentPostprocessing = 0;
		};
/* End PBXResourcesBuildPhase section */

/* Begin PBXShellScriptBuildPhase section */
		397D928CD0F2546D1EECDA74 /* [CP] Copy Pods Resources */ = {
			isa = PBXShellScriptBuildPhase;
			buildActionMask = 2147483647;
			files = (
			);
			inputPaths = (
			);
			name = "[CP] Copy Pods Resources";
			outputPaths = (
			);
			runOnlyForDeploymentPostprocessing = 0;
			shellPath = /bin/sh;
			shellScript = "\"${SRCROOT}/Pods/Target Support Files/Pods-Yelp/Pods-Yelp-resources.sh\"\n";
			showEnvVarsInLog = 0;
		};
		ADCC5D8AF4539694ADE2D77F /* [CP] Embed Pods Frameworks */ = {
			isa = PBXShellScriptBuildPhase;
			buildActionMask = 2147483647;
			files = (
			);
			inputPaths = (
			);
			name = "[CP] Embed Pods Frameworks";
			outputPaths = (
			);
			runOnlyForDeploymentPostprocessing = 0;
			shellPath = /bin/sh;
			shellScript = "\"${SRCROOT}/Pods/Target Support Files/Pods-Yelp/Pods-Yelp-frameworks.sh\"\n";
			showEnvVarsInLog = 0;
		};
		D03C71A162070FAF799A5566 /* [CP] Check Pods Manifest.lock */ = {
			isa = PBXShellScriptBuildPhase;
			buildActionMask = 2147483647;
			files = (
			);
			inputPaths = (
			);
			name = "[CP] Check Pods Manifest.lock";
			outputPaths = (
			);
			runOnlyForDeploymentPostprocessing = 0;
			shellPath = /bin/sh;
			shellScript = "diff \"${PODS_ROOT}/../Podfile.lock\" \"${PODS_ROOT}/Manifest.lock\" > /dev/null\nif [ $? != 0 ] ; then\n    # print error to STDERR\n    echo \"error: The sandbox is not in sync with the Podfile.lock. Run 'pod install' or update your CocoaPods installation.\" >&2\n    exit 1\nfi\n";
			showEnvVarsInLog = 0;
		};
/* End PBXShellScriptBuildPhase section */

/* Begin PBXSourcesBuildPhase section */
		CB51B1EF1DB6E843003FC6C0 /* Sources */ = {
			isa = PBXSourcesBuildPhase;
			buildActionMask = 2147483647;
			files = (
				CB02EC541DB7418500EE8D80 /* YelpClient.swift in Sources */,
				CB048D5F1DBDD27500B48EF2 /* plainDtCell.swift in Sources */,
				CB048D531DBDD0A600B48EF2 /* ReviewCell.swift in Sources */,
				CBB8EC131DBAA01E00A35392 /* YelpBrain.swift in Sources */,
				CB8AB0641DB73B7E000EBF16 /* Business.swift in Sources */,
				CB62EB821DBD7F34006AA2FD /* MapsViewController.swift in Sources */,
				CB62EB841DBD8A66006AA2FD /* InfiniteScrollActivityView.swift in Sources */,
				CBB8EC201DBC556600A35392 /* DealCell.swift in Sources */,
				CBB8EC0A1DB9804E00A35392 /* FiltersViewController.swift in Sources */,
				CBB8EC0D1DB9835700A35392 /* DetailsViewController.swift in Sources */,
				CB048D4E1DBDCA7D00B48EF2 /* posterDetailsCell.swift in Sources */,
				CB51B1F71DB6E843003FC6C0 /* AppDelegate.swift in Sources */,
				CBB8EC031DB97B1000A35392 /* ResultsCell.swift in Sources */,
				CB048D571DBDD1E400B48EF2 /* photoCkInBkMrkCell.swift in Sources */,
				CBB8EC051DB97C8D00A35392 /* SearchResultsViewController.swift in Sources */,
				CB048D5B1DBDD23C00B48EF2 /* mapCell.swift in Sources */,
				CB62EB7D1DBD2405006AA2FD /* SeeAllCell.swift in Sources */,
				CB048D431DBDAD5000B48EF2 /* pinDetails.swift in Sources */,
				CBB8EC241DBC625100A35392 /* DistanceCell.swift in Sources */,
				CB62EB751DBD07A1006AA2FD /* SortByCell.swift in Sources */,
				CBB8EC1A1DBC510600A35392 /* CategoryCell.swift in Sources */,
				CB62EB791DBD1E5C006AA2FD /* SelectedDropdownCell.swift in Sources */,
				CB62EB801DBD4999006AA2FD /* ResultsLoadingIndicatorView.swift in Sources */,
			);
			runOnlyForDeploymentPostprocessing = 0;
		};
/* End PBXSourcesBuildPhase section */

/* Begin PBXVariantGroup section */
		CB51B1FA1DB6E843003FC6C0 /* Main.storyboard */ = {
			isa = PBXVariantGroup;
			children = (
				CB51B1FB1DB6E843003FC6C0 /* Base */,
			);
			name = Main.storyboard;
			sourceTree = "<group>";
		};
		CB51B1FF1DB6E843003FC6C0 /* LaunchScreen.storyboard */ = {
			isa = PBXVariantGroup;
			children = (
				CB51B2001DB6E843003FC6C0 /* Base */,
			);
			name = LaunchScreen.storyboard;
			sourceTree = "<group>";
		};
/* End PBXVariantGroup section */

/* Begin XCBuildConfiguration section */
		CB51B2031DB6E843003FC6C0 /* Debug */ = {
			isa = XCBuildConfiguration;
			buildSettings = {
				ALWAYS_SEARCH_USER_PATHS = NO;
				CLANG_ANALYZER_NONNULL = YES;
				CLANG_CXX_LANGUAGE_STANDARD = "gnu++0x";
				CLANG_CXX_LIBRARY = "libc++";
				CLANG_ENABLE_MODULES = YES;
				CLANG_ENABLE_OBJC_ARC = YES;
				CLANG_WARN_BOOL_CONVERSION = YES;
				CLANG_WARN_CONSTANT_CONVERSION = YES;
				CLANG_WARN_DIRECT_OBJC_ISA_USAGE = YES_ERROR;
				CLANG_WARN_DOCUMENTATION_COMMENTS = YES;
				CLANG_WARN_EMPTY_BODY = YES;
				CLANG_WARN_ENUM_CONVERSION = YES;
				CLANG_WARN_INFINITE_RECURSION = YES;
				CLANG_WARN_INT_CONVERSION = YES;
				CLANG_WARN_OBJC_ROOT_CLASS = YES_ERROR;
				CLANG_WARN_SUSPICIOUS_MOVES = YES;
				CLANG_WARN_UNREACHABLE_CODE = YES;
				CLANG_WARN__DUPLICATE_METHOD_MATCH = YES;
				"CODE_SIGN_IDENTITY[sdk=iphoneos*]" = "iPhone Developer";
				COPY_PHASE_STRIP = NO;
				DEBUG_INFORMATION_FORMAT = dwarf;
				ENABLE_STRICT_OBJC_MSGSEND = YES;
				ENABLE_TESTABILITY = YES;
				GCC_C_LANGUAGE_STANDARD = gnu99;
				GCC_DYNAMIC_NO_PIC = NO;
				GCC_NO_COMMON_BLOCKS = YES;
				GCC_OPTIMIZATION_LEVEL = 0;
				GCC_PREPROCESSOR_DEFINITIONS = (
					"DEBUG=1",
					"$(inherited)",
				);
				GCC_WARN_64_TO_32_BIT_CONVERSION = YES;
				GCC_WARN_ABOUT_RETURN_TYPE = YES_ERROR;
				GCC_WARN_UNDECLARED_SELECTOR = YES;
				GCC_WARN_UNINITIALIZED_AUTOS = YES_AGGRESSIVE;
				GCC_WARN_UNUSED_FUNCTION = YES;
				GCC_WARN_UNUSED_VARIABLE = YES;
				IPHONEOS_DEPLOYMENT_TARGET = 10.0;
				MTL_ENABLE_DEBUG_INFO = YES;
				ONLY_ACTIVE_ARCH = YES;
				SDKROOT = iphoneos;
				SWIFT_ACTIVE_COMPILATION_CONDITIONS = DEBUG;
				SWIFT_OPTIMIZATION_LEVEL = "-Onone";
				TARGETED_DEVICE_FAMILY = "1,2";
			};
			name = Debug;
		};
		CB51B2041DB6E843003FC6C0 /* Release */ = {
			isa = XCBuildConfiguration;
			buildSettings = {
				ALWAYS_SEARCH_USER_PATHS = NO;
				CLANG_ANALYZER_NONNULL = YES;
				CLANG_CXX_LANGUAGE_STANDARD = "gnu++0x";
				CLANG_CXX_LIBRARY = "libc++";
				CLANG_ENABLE_MODULES = YES;
				CLANG_ENABLE_OBJC_ARC = YES;
				CLANG_WARN_BOOL_CONVERSION = YES;
				CLANG_WARN_CONSTANT_CONVERSION = YES;
				CLANG_WARN_DIRECT_OBJC_ISA_USAGE = YES_ERROR;
				CLANG_WARN_DOCUMENTATION_COMMENTS = YES;
				CLANG_WARN_EMPTY_BODY = YES;
				CLANG_WARN_ENUM_CONVERSION = YES;
				CLANG_WARN_INFINITE_RECURSION = YES;
				CLANG_WARN_INT_CONVERSION = YES;
				CLANG_WARN_OBJC_ROOT_CLASS = YES_ERROR;
				CLANG_WARN_SUSPICIOUS_MOVES = YES;
				CLANG_WARN_UNREACHABLE_CODE = YES;
				CLANG_WARN__DUPLICATE_METHOD_MATCH = YES;
				"CODE_SIGN_IDENTITY[sdk=iphoneos*]" = "iPhone Developer";
				COPY_PHASE_STRIP = NO;
				DEBUG_INFORMATION_FORMAT = "dwarf-with-dsym";
				ENABLE_NS_ASSERTIONS = NO;
				ENABLE_STRICT_OBJC_MSGSEND = YES;
				GCC_C_LANGUAGE_STANDARD = gnu99;
				GCC_NO_COMMON_BLOCKS = YES;
				GCC_WARN_64_TO_32_BIT_CONVERSION = YES;
				GCC_WARN_ABOUT_RETURN_TYPE = YES_ERROR;
				GCC_WARN_UNDECLARED_SELECTOR = YES;
				GCC_WARN_UNINITIALIZED_AUTOS = YES_AGGRESSIVE;
				GCC_WARN_UNUSED_FUNCTION = YES;
				GCC_WARN_UNUSED_VARIABLE = YES;
				IPHONEOS_DEPLOYMENT_TARGET = 10.0;
				MTL_ENABLE_DEBUG_INFO = NO;
				SDKROOT = iphoneos;
				SWIFT_OPTIMIZATION_LEVEL = "-Owholemodule";
				TARGETED_DEVICE_FAMILY = "1,2";
				VALIDATE_PRODUCT = YES;
			};
			name = Release;
		};
		CB51B2061DB6E843003FC6C0 /* Debug */ = {
			isa = XCBuildConfiguration;
			baseConfigurationReference = 61AAC1A149121B1C5CBEEADA /* Pods-Yelp.debug.xcconfig */;
			buildSettings = {
				ASSETCATALOG_COMPILER_APPICON_NAME = AppIcon;
				INFOPLIST_FILE = Yelp/Info.plist;
				LD_RUNPATH_SEARCH_PATHS = "$(inherited) @executable_path/Frameworks";
				PRODUCT_BUNDLE_IDENTIFIER = edu.deekshaprabhakar.Yelp;
				PRODUCT_NAME = "$(TARGET_NAME)";
				SWIFT_VERSION = 3.0;
			};
			name = Debug;
		};
		CB51B2071DB6E843003FC6C0 /* Release */ = {
			isa = XCBuildConfiguration;
			baseConfigurationReference = F808958D94259B2E415B757A /* Pods-Yelp.release.xcconfig */;
			buildSettings = {
				ASSETCATALOG_COMPILER_APPICON_NAME = AppIcon;
				INFOPLIST_FILE = Yelp/Info.plist;
				LD_RUNPATH_SEARCH_PATHS = "$(inherited) @executable_path/Frameworks";
				PRODUCT_BUNDLE_IDENTIFIER = edu.deekshaprabhakar.Yelp;
				PRODUCT_NAME = "$(TARGET_NAME)";
				SWIFT_VERSION = 3.0;
			};
			name = Release;
		};
/* End XCBuildConfiguration section */

/* Begin XCConfigurationList section */
		CB51B1EE1DB6E843003FC6C0 /* Build configuration list for PBXProject "Yelp" */ = {
			isa = XCConfigurationList;
			buildConfigurations = (
				CB51B2031DB6E843003FC6C0 /* Debug */,
				CB51B2041DB6E843003FC6C0 /* Release */,
			);
			defaultConfigurationIsVisible = 0;
			defaultConfigurationName = Release;
		};
		CB51B2051DB6E843003FC6C0 /* Build configuration list for PBXNativeTarget "Yelp" */ = {
			isa = XCConfigurationList;
			buildConfigurations = (
				CB51B2061DB6E843003FC6C0 /* Debug */,
				CB51B2071DB6E843003FC6C0 /* Release */,
			);
			defaultConfigurationIsVisible = 0;
			defaultConfigurationName = Release;
		};
/* End XCConfigurationList section */
	};
	rootObject = CB51B1EB1DB6E843003FC6C0 /* Project object */;
}
